// !$*UTF8*$!
{
	archiveVersion = 1;
	classes = {
	};
	objectVersion = 48;
	objects = {

/* Begin PBXBuildFile section */
		A8CD26B92019754E00F917CF /* AppDelegate.m in Sources */ = {isa = PBXBuildFile; fileRef = A8CD26B82019754E00F917CF /* AppDelegate.m */; };
		A8CD26BC2019754E00F917CF /* ViewController.m in Sources */ = {isa = PBXBuildFile; fileRef = A8CD26BB2019754E00F917CF /* ViewController.m */; };
		A8CD26BF2019754E00F917CF /* Main.storyboard in Resources */ = {isa = PBXBuildFile; fileRef = A8CD26BD2019754E00F917CF /* Main.storyboard */; };
		A8CD26C12019754E00F917CF /* Assets.xcassets in Resources */ = {isa = PBXBuildFile; fileRef = A8CD26C02019754E00F917CF /* Assets.xcassets */; };
		A8CD26C42019754E00F917CF /* LaunchScreen.storyboard in Resources */ = {isa = PBXBuildFile; fileRef = A8CD26C22019754E00F917CF /* LaunchScreen.storyboard */; };
		A8CD26C72019754E00F917CF /* main.m in Sources */ = {isa = PBXBuildFile; fileRef = A8CD26C62019754E00F917CF /* main.m */; };
		A8CD26D12019754E00F917CF /* LCImagePickerDemoTests.m in Sources */ = {isa = PBXBuildFile; fileRef = A8CD26D02019754E00F917CF /* LCImagePickerDemoTests.m */; };
		A8CD26DC2019754E00F917CF /* LCImagePickerDemoUITests.m in Sources */ = {isa = PBXBuildFile; fileRef = A8CD26DB2019754E00F917CF /* LCImagePickerDemoUITests.m */; };
/* End PBXBuildFile section */

/* Begin PBXContainerItemProxy section */
		A8CD26CD2019754E00F917CF /* PBXContainerItemProxy */ = {
			isa = PBXContainerItemProxy;
			containerPortal = A8CD26AC2019754E00F917CF /* Project object */;
			proxyType = 1;
			remoteGlobalIDString = A8CD26B32019754E00F917CF;
			remoteInfo = LCImagePickerDemo;
		};
		A8CD26D82019754E00F917CF /* PBXContainerItemProxy */ = {
			isa = PBXContainerItemProxy;
			containerPortal = A8CD26AC2019754E00F917CF /* Project object */;
			proxyType = 1;
			remoteGlobalIDString = A8CD26B32019754E00F917CF;
			remoteInfo = LCImagePickerDemo;
		};
/* End PBXContainerItemProxy section */

/* Begin PBXFileReference section */
		A8CD26B42019754E00F917CF /* LCImagePickerDemo.app */ = {isa = PBXFileReference; explicitFileType = wrapper.application; includeInIndex = 0; path = LCImagePickerDemo.app; sourceTree = BUILT_PRODUCTS_DIR; };
		A8CD26B72019754E00F917CF /* AppDelegate.h */ = {isa = PBXFileReference; lastKnownFileType = sourcecode.c.h; path = AppDelegate.h; sourceTree = "<group>"; };
		A8CD26B82019754E00F917CF /* AppDelegate.m */ = {isa = PBXFileReference; lastKnownFileType = sourcecode.c.objc; path = AppDelegate.m; sourceTree = "<group>"; };
		A8CD26BA2019754E00F917CF /* ViewController.h */ = {isa = PBXFileReference; lastKnownFileType = sourcecode.c.h; path = ViewController.h; sourceTree = "<group>"; };
		A8CD26BB2019754E00F917CF /* ViewController.m */ = {isa = PBXFileReference; lastKnownFileType = sourcecode.c.objc; path = ViewController.m; sourceTree = "<group>"; };
		A8CD26BE2019754E00F917CF /* Base */ = {isa = PBXFileReference; lastKnownFileType = file.storyboard; name = Base; path = Base.lproj/Main.storyboard; sourceTree = "<group>"; };
		A8CD26C02019754E00F917CF /* Assets.xcassets */ = {isa = PBXFileReference; lastKnownFileType = folder.assetcatalog; path = Assets.xcassets; sourceTree = "<group>"; };
		A8CD26C32019754E00F917CF /* Base */ = {isa = PBXFileReference; lastKnownFileType = file.storyboard; name = Base; path = Base.lproj/LaunchScreen.storyboard; sourceTree = "<group>"; };
		A8CD26C52019754E00F917CF /* Info.plist */ = {isa = PBXFileReference; lastKnownFileType = text.plist.xml; path = Info.plist; sourceTree = "<group>"; };
		A8CD26C62019754E00F917CF /* main.m */ = {isa = PBXFileReference; lastKnownFileType = sourcecode.c.objc; path = main.m; sourceTree = "<group>"; };
		A8CD26CC2019754E00F917CF /* LCImagePickerDemoTests.xctest */ = {isa = PBXFileReference; explicitFileType = wrapper.cfbundle; includeInIndex = 0; path = LCImagePickerDemoTests.xctest; sourceTree = BUILT_PRODUCTS_DIR; };
		A8CD26D02019754E00F917CF /* LCImagePickerDemoTests.m */ = {isa = PBXFileReference; lastKnownFileType = sourcecode.c.objc; path = LCImagePickerDemoTests.m; sourceTree = "<group>"; };
		A8CD26D22019754E00F917CF /* Info.plist */ = {isa = PBXFileReference; lastKnownFileType = text.plist.xml; path = Info.plist; sourceTree = "<group>"; };
		A8CD26D72019754E00F917CF /* LCImagePickerDemoUITests.xctest */ = {isa = PBXFileReference; explicitFileType = wrapper.cfbundle; includeInIndex = 0; path = LCImagePickerDemoUITests.xctest; sourceTree = BUILT_PRODUCTS_DIR; };
		A8CD26DB2019754E00F917CF /* LCImagePickerDemoUITests.m */ = {isa = PBXFileReference; lastKnownFileType = sourcecode.c.objc; path = LCImagePickerDemoUITests.m; sourceTree = "<group>"; };
		A8CD26DD2019754E00F917CF /* Info.plist */ = {isa = PBXFileReference; lastKnownFileType = text.plist.xml; path = Info.plist; sourceTree = "<group>"; };
/* End PBXFileReference section */

/* Begin PBXFrameworksBuildPhase section */
		A8CD26B12019754E00F917CF /* Frameworks */ = {
			isa = PBXFrameworksBuildPhase;
			buildActionMask = 2147483647;
			files = (
			);
			runOnlyForDeploymentPostprocessing = 0;
		};
		A8CD26C92019754E00F917CF /* Frameworks */ = {
			isa = PBXFrameworksBuildPhase;
			buildActionMask = 2147483647;
			files = (
			);
			runOnlyForDeploymentPostprocessing = 0;
		};
		A8CD26D42019754E00F917CF /* Frameworks */ = {
			isa = PBXFrameworksBuildPhase;
			buildActionMask = 2147483647;
			files = (
			);
			runOnlyForDeploymentPostprocessing = 0;
		};
/* End PBXFrameworksBuildPhase section */

/* Begin PBXGroup section */
		A8CD26AB2019754E00F917CF = {
			isa = PBXGroup;
			children = (
				A8CD26B62019754E00F917CF /* LCImagePickerDemo */,
				A8CD26CF2019754E00F917CF /* LCImagePickerDemoTests */,
				A8CD26DA2019754E00F917CF /* LCImagePickerDemoUITests */,
				A8CD26B52019754E00F917CF /* Products */,
			);
			sourceTree = "<group>";
		};
		A8CD26B52019754E00F917CF /* Products */ = {
			isa = PBXGroup;
			children = (
				A8CD26B42019754E00F917CF /* LCImagePickerDemo.app */,
				A8CD26CC2019754E00F917CF /* LCImagePickerDemoTests.xctest */,
				A8CD26D72019754E00F917CF /* LCImagePickerDemoUITests.xctest */,
			);
			name = Products;
			sourceTree = "<group>";
		};
		A8CD26B62019754E00F917CF /* LCImagePickerDemo */ = {
			isa = PBXGroup;
			children = (
				A8CD26B72019754E00F917CF /* AppDelegate.h */,
				A8CD26B82019754E00F917CF /* AppDelegate.m */,
				A8CD26BA2019754E00F917CF /* ViewController.h */,
				A8CD26BB2019754E00F917CF /* ViewController.m */,
				A8CD26BD2019754E00F917CF /* Main.storyboard */,
				A8CD26C02019754E00F917CF /* Assets.xcassets */,
				A8CD26C22019754E00F917CF /* LaunchScreen.storyboard */,
				A8CD26C52019754E00F917CF /* Info.plist */,
				A8CD26C62019754E00F917CF /* main.m */,
			);
			path = LCImagePickerDemo;
			sourceTree = "<group>";
		};
		A8CD26CF2019754E00F917CF /* LCImagePickerDemoTests */ = {
			isa = PBXGroup;
			children = (
				A8CD26D02019754E00F917CF /* LCImagePickerDemoTests.m */,
				A8CD26D22019754E00F917CF /* Info.plist */,
			);
			path = LCImagePickerDemoTests;
			sourceTree = "<group>";
		};
		A8CD26DA2019754E00F917CF /* LCImagePickerDemoUITests */ = {
			isa = PBXGroup;
			children = (
				A8CD26DB2019754E00F917CF /* LCImagePickerDemoUITests.m */,
				A8CD26DD2019754E00F917CF /* Info.plist */,
			);
			path = LCImagePickerDemoUITests;
			sourceTree = "<group>";
		};
/* End PBXGroup section */

/* Begin PBXNativeTarget section */
		A8CD26B32019754E00F917CF /* LCImagePickerDemo */ = {
			isa = PBXNativeTarget;
			buildConfigurationList = A8CD26E02019754E00F917CF /* Build configuration list for PBXNativeTarget "LCImagePickerDemo" */;
			buildPhases = (
				A8CD26B02019754E00F917CF /* Sources */,
				A8CD26B12019754E00F917CF /* Frameworks */,
				A8CD26B22019754E00F917CF /* Resources */,
			);
			buildRules = (
			);
			dependencies = (
			);
			name = LCImagePickerDemo;
			productName = LCImagePickerDemo;
			productReference = A8CD26B42019754E00F917CF /* LCImagePickerDemo.app */;
			productType = "com.apple.product-type.application";
		};
		A8CD26CB2019754E00F917CF /* LCImagePickerDemoTests */ = {
			isa = PBXNativeTarget;
			buildConfigurationList = A8CD26E32019754E00F917CF /* Build configuration list for PBXNativeTarget "LCImagePickerDemoTests" */;
			buildPhases = (
				A8CD26C82019754E00F917CF /* Sources */,
				A8CD26C92019754E00F917CF /* Frameworks */,
				A8CD26CA2019754E00F917CF /* Resources */,
			);
			buildRules = (
			);
			dependencies = (
				A8CD26CE2019754E00F917CF /* PBXTargetDependency */,
			);
			name = LCImagePickerDemoTests;
			productName = LCImagePickerDemoTests;
			productReference = A8CD26CC2019754E00F917CF /* LCImagePickerDemoTests.xctest */;
			productType = "com.apple.product-type.bundle.unit-test";
		};
		A8CD26D62019754E00F917CF /* LCImagePickerDemoUITests */ = {
			isa = PBXNativeTarget;
			buildConfigurationList = A8CD26E62019754E00F917CF /* Build configuration list for PBXNativeTarget "LCImagePickerDemoUITests" */;
			buildPhases = (
				A8CD26D32019754E00F917CF /* Sources */,
				A8CD26D42019754E00F917CF /* Frameworks */,
				A8CD26D52019754E00F917CF /* Resources */,
			);
			buildRules = (
			);
			dependencies = (
				A8CD26D92019754E00F917CF /* PBXTargetDependency */,
			);
			name = LCImagePickerDemoUITests;
			productName = LCImagePickerDemoUITests;
			productReference = A8CD26D72019754E00F917CF /* LCImagePickerDemoUITests.xctest */;
			productType = "com.apple.product-type.bundle.ui-testing";
		};
/* End PBXNativeTarget section */

/* Begin PBXProject section */
		A8CD26AC2019754E00F917CF /* Project object */ = {
			isa = PBXProject;
			attributes = {
				LastUpgradeCheck = 0920;
				ORGANIZATIONNAME = Deirman;
				TargetAttributes = {
					A8CD26B32019754E00F917CF = {
						CreatedOnToolsVersion = 9.2;
						ProvisioningStyle = Automatic;
					};
					A8CD26CB2019754E00F917CF = {
						CreatedOnToolsVersion = 9.2;
						ProvisioningStyle = Automatic;
						TestTargetID = A8CD26B32019754E00F917CF;
					};
					A8CD26D62019754E00F917CF = {
						CreatedOnToolsVersion = 9.2;
						ProvisioningStyle = Automatic;
						TestTargetID = A8CD26B32019754E00F917CF;
					};
				};
			};
			buildConfigurationList = A8CD26AF2019754E00F917CF /* Build configuration list for PBXProject "LCImagePickerDemo" */;
			compatibilityVersion = "Xcode 8.0";
			developmentRegion = en;
			hasScannedForEncodings = 0;
			knownRegions = (
				en,
				Base,
			);
			mainGroup = A8CD26AB2019754E00F917CF;
			productRefGroup = A8CD26B52019754E00F917CF /* Products */;
			projectDirPath = "";
			projectRoot = "";
			targets = (
				A8CD26B32019754E00F917CF /* LCImagePickerDemo */,
				A8CD26CB2019754E00F917CF /* LCImagePickerDemoTests */,
				A8CD26D62019754E00F917CF /* LCImagePickerDemoUITests */,
			);
		};
/* End PBXProject section */

/* Begin PBXResourcesBuildPhase section */
		A8CD26B22019754E00F917CF /* Resources */ = {
			isa = PBXResourcesBuildPhase;
			buildActionMask = 2147483647;
			files = (
				A8CD26C42019754E00F917CF /* LaunchScreen.storyboard in Resources */,
				A8CD26C12019754E00F917CF /* Assets.xcassets in Resources */,
				A8CD26BF2019754E00F917CF /* Main.storyboard in Resources */,
			);
			runOnlyForDeploymentPostprocessing = 0;
		};
		A8CD26CA2019754E00F917CF /* Resources */ = {
			isa = PBXResourcesBuildPhase;
			buildActionMask = 2147483647;
			files = (
			);
			runOnlyForDeploymentPostprocessing = 0;
		};
		A8CD26D52019754E00F917CF /* Resources */ = {
			isa = PBXResourcesBuildPhase;
			buildActionMask = 2147483647;
			files = (
			);
			runOnlyForDeploymentPostprocessing = 0;
		};
/* End PBXResourcesBuildPhase section */

/* Begin PBXSourcesBuildPhase section */
		A8CD26B02019754E00F917CF /* Sources */ = {
			isa = PBXSourcesBuildPhase;
			buildActionMask = 2147483647;
			files = (
				A8CD26BC2019754E00F917CF /* ViewController.m in Sources */,
				A8CD26C72019754E00F917CF /* main.m in Sources */,
				A8CD26B92019754E00F917CF /* AppDelegate.m in Sources */,
			);
			runOnlyForDeploymentPostprocessing = 0;
		};
		A8CD26C82019754E00F917CF /* Sources */ = {
			isa = PBXSourcesBuildPhase;
			buildActionMask = 2147483647;
			files = (
				A8CD26D12019754E00F917CF /* LCImagePickerDemoTests.m in Sources */,
			);
			runOnlyForDeploymentPostprocessing = 0;
		};
		A8CD26D32019754E00F917CF /* Sources */ = {
			isa = PBXSourcesBuildPhase;
			buildActionMask = 2147483647;
			files = (
				A8CD26DC2019754E00F917CF /* LCImagePickerDemoUITests.m in Sources */,
			);
			runOnlyForDeploymentPostprocessing = 0;
		};
/* End PBXSourcesBuildPhase section */

/* Begin PBXTargetDependency section */
		A8CD26CE2019754E00F917CF /* PBXTargetDependency */ = {
			isa = PBXTargetDependency;
			target = A8CD26B32019754E00F917CF /* LCImagePickerDemo */;
			targetProxy = A8CD26CD2019754E00F917CF /* PBXContainerItemProxy */;
		};
		A8CD26D92019754E00F917CF /* PBXTargetDependency */ = {
			isa = PBXTargetDependency;
			target = A8CD26B32019754E00F917CF /* LCImagePickerDemo */;
			targetProxy = A8CD26D82019754E00F917CF /* PBXContainerItemProxy */;
		};
/* End PBXTargetDependency section */

/* Begin PBXVariantGroup section */
		A8CD26BD2019754E00F917CF /* Main.storyboard */ = {
			isa = PBXVariantGroup;
			children = (
				A8CD26BE2019754E00F917CF /* Base */,
			);
			name = Main.storyboard;
			sourceTree = "<group>";
		};
		A8CD26C22019754E00F917CF /* LaunchScreen.storyboard */ = {
			isa = PBXVariantGroup;
			children = (
				A8CD26C32019754E00F917CF /* Base */,
			);
			name = LaunchScreen.storyboard;
			sourceTree = "<group>";
		};
/* End PBXVariantGroup section */

/* Begin XCBuildConfiguration section */
		A8CD26DE2019754E00F917CF /* Debug */ = {
			isa = XCBuildConfiguration;
			buildSettings = {
				ALWAYS_SEARCH_USER_PATHS = NO;
				CLANG_ANALYZER_NONNULL = YES;
				CLANG_ANALYZER_NUMBER_OBJECT_CONVERSION = YES_AGGRESSIVE;
				CLANG_CXX_LANGUAGE_STANDARD = "gnu++14";
				CLANG_CXX_LIBRARY = "libc++";
				CLANG_ENABLE_MODULES = YES;
				CLANG_ENABLE_OBJC_ARC = YES;
				CLANG_WARN_BLOCK_CAPTURE_AUTORELEASING = YES;
				CLANG_WARN_BOOL_CONVERSION = YES;
				CLANG_WARN_COMMA = YES;
				CLANG_WARN_CONSTANT_CONVERSION = YES;
				CLANG_WARN_DIRECT_OBJC_ISA_USAGE = YES_ERROR;
				CLANG_WARN_DOCUMENTATION_COMMENTS = YES;
				CLANG_WARN_EMPTY_BODY = YES;
				CLANG_WARN_ENUM_CONVERSION = YES;
				CLANG_WARN_INFINITE_RECURSION = YES;
				CLANG_WARN_INT_CONVERSION = YES;
				CLANG_WARN_NON_LITERAL_NULL_CONVERSION = YES;
				CLANG_WARN_OBJC_LITERAL_CONVERSION = YES;
				CLANG_WARN_OBJC_ROOT_CLASS = YES_ERROR;
				CLANG_WARN_RANGE_LOOP_ANALYSIS = YES;
				CLANG_WARN_STRICT_PROTOTYPES = YES;
				CLANG_WARN_SUSPICIOUS_MOVE = YES;
				CLANG_WARN_UNGUARDED_AVAILABILITY = YES_AGGRESSIVE;
				CLANG_WARN_UNREACHABLE_CODE = YES;
				CLANG_WARN__DUPLICATE_METHOD_MATCH = YES;
				CODE_SIGN_IDENTITY = "iPhone Developer";
				COPY_PHASE_STRIP = NO;
				DEBUG_INFORMATION_FORMAT = dwarf;
				ENABLE_STRICT_OBJC_MSGSEND = YES;
				ENABLE_TESTABILITY = YES;
				GCC_C_LANGUAGE_STANDARD = gnu11;
				GCC_DYNAMIC_NO_PIC = NO;
				GCC_NO_COMMON_BLOCKS = YES;
				GCC_OPTIMIZATION_LEVEL = 0;
				GCC_PREPROCESSOR_DEFINITIONS = (
					"DEBUG=1",
					"$(inherited)",
				);
				GCC_WARN_64_TO_32_BIT_CONVERSION = YES;
				GCC_WARN_ABOUT_RETURN_TYPE = YES_ERROR;
				GCC_WARN_UNDECLARED_SELECTOR = YES;
				GCC_WARN_UNINITIALIZED_AUTOS = YES_AGGRESSIVE;
				GCC_WARN_UNUSED_FUNCTION = YES;
				GCC_WARN_UNUSED_VARIABLE = YES;
				IPHONEOS_DEPLOYMENT_TARGET = 11.2;
				MTL_ENABLE_DEBUG_INFO = YES;
				ONLY_ACTIVE_ARCH = YES;
				SDKROOT = iphoneos;
			};
			name = Debug;
		};
		A8CD26DF2019754E00F917CF /* Release */ = {
			isa = XCBuildConfiguration;
			buildSettings = {
				ALWAYS_SEARCH_USER_PATHS = NO;
				CLANG_ANALYZER_NONNULL = YES;
				CLANG_ANALYZER_NUMBER_OBJECT_CONVERSION = YES_AGGRESSIVE;
				CLANG_CXX_LANGUAGE_STANDARD = "gnu++14";
				CLANG_CXX_LIBRARY = "libc++";
				CLANG_ENABLE_MODULES = YES;
				CLANG_ENABLE_OBJC_ARC = YES;
				CLANG_WARN_BLOCK_CAPTURE_AUTORELEASING = YES;
				CLANG_WARN_BOOL_CONVERSION = YES;
				CLANG_WARN_COMMA = YES;
				CLANG_WARN_CONSTANT_CONVERSION = YES;
				CLANG_WARN_DIRECT_OBJC_ISA_USAGE = YES_ERROR;
				CLANG_WARN_DOCUMENTATION_COMMENTS = YES;
				CLANG_WARN_EMPTY_BODY = YES;
				CLANG_WARN_ENUM_CONVERSION = YES;
				CLANG_WARN_INFINITE_RECURSION = YES;
				CLANG_WARN_INT_CONVERSION = YES;
				CLANG_WARN_NON_LITERAL_NULL_CONVERSION = YES;
				CLANG_WARN_OBJC_LITERAL_CONVERSION = YES;
				CLANG_WARN_OBJC_ROOT_CLASS = YES_ERROR;
				CLANG_WARN_RANGE_LOOP_ANALYSIS = YES;
				CLANG_WARN_STRICT_PROTOTYPES = YES;
				CLANG_WARN_SUSPICIOUS_MOVE = YES;
				CLANG_WARN_UNGUARDED_AVAILABILITY = YES_AGGRESSIVE;
				CLANG_WARN_UNREACHABLE_CODE = YES;
				CLANG_WARN__DUPLICATE_METHOD_MATCH = YES;
				CODE_SIGN_IDENTITY = "iPhone Developer";
				COPY_PHASE_STRIP = NO;
				DEBUG_INFORMATION_FORMAT = "dwarf-with-dsym";
				ENABLE_NS_ASSERTIONS = NO;
				ENABLE_STRICT_OBJC_MSGSEND = YES;
				GCC_C_LANGUAGE_STANDARD = gnu11;
				GCC_NO_COMMON_BLOCKS = YES;
				GCC_WARN_64_TO_32_BIT_CONVERSION = YES;
				GCC_WARN_ABOUT_RETURN_TYPE = YES_ERROR;
				GCC_WARN_UNDECLARED_SELECTOR = YES;
				GCC_WARN_UNINITIALIZED_AUTOS = YES_AGGRESSIVE;
				GCC_WARN_UNUSED_FUNCTION = YES;
				GCC_WARN_UNUSED_VARIABLE = YES;
				IPHONEOS_DEPLOYMENT_TARGET = 11.2;
				MTL_ENABLE_DEBUG_INFO = NO;
				SDKROOT = iphoneos;
				VALIDATE_PRODUCT = YES;
			};
			name = Release;
		};
		A8CD26E12019754E00F917CF /* Debug */ = {
			isa = XCBuildConfiguration;
			buildSettings = {
				ASSETCATALOG_COMPILER_APPICON_NAME = AppIcon;
				CODE_SIGN_STYLE = Automatic;
				INFOPLIST_FILE = LCImagePickerDemo/Info.plist;
				LD_RUNPATH_SEARCH_PATHS = "$(inherited) @executable_path/Frameworks";
				PRODUCT_BUNDLE_IDENTIFIER = LC.LCImagePickerDemo;
				PRODUCT_NAME = "$(TARGET_NAME)";
				TARGETED_DEVICE_FAMILY = "1,2";
			};
			name = Debug;
		};
		A8CD26E22019754E00F917CF /* Release */ = {
			isa = XCBuildConfiguration;
			buildSettings = {
				ASSETCATALOG_COMPILER_APPICON_NAME = AppIcon;
				CODE_SIGN_STYLE = Automatic;
				INFOPLIST_FILE = LCImagePickerDemo/Info.plist;
				LD_RUNPATH_SEARCH_PATHS = "$(inherited) @executable_path/Frameworks";
				PRODUCT_BUNDLE_IDENTIFIER = LC.LCImagePickerDemo;
				PRODUCT_NAME = "$(TARGET_NAME)";
				TARGETED_DEVICE_FAMILY = "1,2";
			};
			name = Release;
		};
		A8CD26E42019754E00F917CF /* Debug */ = {
			isa = XCBuildConfiguration;
			buildSettings = {
				BUNDLE_LOADER = "$(TEST_HOST)";
				CODE_SIGN_STYLE = Automatic;
				INFOPLIST_FILE = LCImagePickerDemoTests/Info.plist;
				LD_RUNPATH_SEARCH_PATHS = "$(inherited) @executable_path/Frameworks @loader_path/Frameworks";
				PRODUCT_BUNDLE_IDENTIFIER = LC.LCImagePickerDemoTests;
				PRODUCT_NAME = "$(TARGET_NAME)";
				TARGETED_DEVICE_FAMILY = "1,2";
				TEST_HOST = "$(BUILT_PRODUCTS_DIR)/LCImagePickerDemo.app/LCImagePickerDemo";
			};
			name = Debug;
		};
		A8CD26E52019754E00F917CF /* Release */ = {
			isa = XCBuildConfiguration;
			buildSettings = {
				BUNDLE_LOADER = "$(TEST_HOST)";
				CODE_SIGN_STYLE = Automatic;
				INFOPLIST_FILE = LCImagePickerDemoTests/Info.plist;
				LD_RUNPATH_SEARCH_PATHS = "$(inherited) @executable_path/Frameworks @loader_path/Frameworks";
				PRODUCT_BUNDLE_IDENTIFIER = LC.LCImagePickerDemoTests;
				PRODUCT_NAME = "$(TARGET_NAME)";
				TARGETED_DEVICE_FAMILY = "1,2";
				TEST_HOST = "$(BUILT_PRODUCTS_DIR)/LCImagePickerDemo.app/LCImagePickerDemo";
			};
			name = Release;
		};
		A8CD26E72019754E00F917CF /* Debug */ = {
			isa = XCBuildConfiguration;
			buildSettings = {
				CODE_SIGN_STYLE = Automatic;
				INFOPLIST_FILE = LCImagePickerDemoUITests/Info.plist;
				LD_RUNPATH_SEARCH_PATHS = "$(inherited) @executable_path/Frameworks @loader_path/Frameworks";
				PRODUCT_BUNDLE_IDENTIFIER = LC.LCImagePickerDemoUITests;
				PRODUCT_NAME = "$(TARGET_NAME)";
				TARGETED_DEVICE_FAMILY = "1,2";
				TEST_TARGET_NAME = LCImagePickerDemo;
			};
			name = Debug;
		};
		A8CD26E82019754E00F917CF /* Release */ = {
			isa = XCBuildConfiguration;
			buildSettings = {
				CODE_SIGN_STYLE = Automatic;
				INFOPLIST_FILE = LCImagePickerDemoUITests/Info.plist;
				LD_RUNPATH_SEARCH_PATHS = "$(inherited) @executable_path/Frameworks @loader_path/Frameworks";
				PRODUCT_BUNDLE_IDENTIFIER = LC.LCImagePickerDemoUITests;
				PRODUCT_NAME = "$(TARGET_NAME)";
				TARGETED_DEVICE_FAMILY = "1,2";
				TEST_TARGET_NAME = LCImagePickerDemo;
			};
			name = Release;
		};
/* End XCBuildConfiguration section */

/* Begin XCConfigurationList section */
		A8CD26AF2019754E00F917CF /* Build configuration list for PBXProject "LCImagePickerDemo" */ = {
			isa = XCConfigurationList;
			buildConfigurations = (
				A8CD26DE2019754E00F917CF /* Debug */,
				A8CD26DF2019754E00F917CF /* Release */,
			);
			defaultConfigurationIsVisible = 0;
			defaultConfigurationName = Release;
		};
		A8CD26E02019754E00F917CF /* Build configuration list for PBXNativeTarget "LCImagePickerDemo" */ = {
			isa = XCConfigurationList;
			buildConfigurations = (
				A8CD26E12019754E00F917CF /* Debug */,
				A8CD26E22019754E00F917CF /* Release */,
			);
			defaultConfigurationIsVisible = 0;
			defaultConfigurationName = Release;
		};
		A8CD26E32019754E00F917CF /* Build configuration list for PBXNativeTarget "LCImagePickerDemoTests" */ = {
			isa = XCConfigurationList;
			buildConfigurations = (
				A8CD26E42019754E00F917CF /* Debug */,
				A8CD26E52019754E00F917CF /* Release */,
			);
			defaultConfigurationIsVisible = 0;
			defaultConfigurationName = Release;
		};
		A8CD26E62019754E00F917CF /* Build configuration list for PBXNativeTarget "LCImagePickerDemoUITests" */ = {
			isa = XCConfigurationList;
			buildConfigurations = (
				A8CD26E72019754E00F917CF /* Debug */,
				A8CD26E82019754E00F917CF /* Release */,
			);
			defaultConfigurationIsVisible = 0;
			defaultConfigurationName = Release;
		};
/* End XCConfigurationList section */
	};
	rootObject = A8CD26AC2019754E00F917CF /* Project object */;
}
